
Microsoft Visual Studio Solution File, Format Version 12.00
# Visual Studio Version 16
VisualStudioVersion = 16.0.33328.57
MinimumVisualStudioVersion = 10.0.40219.1
Project("{8BC9CEB8-8B4A-11D0-8D11-00A0C91BC942}") = "Day4", "Day4.vcxproj", "{71397F17-39B4-4EE0-BBD9-CB4DDAE8BBD2}"
EndProject
Global
	GlobalSection(SolutionConfigurationPlatforms) = preSolution
		Debug|x64 = Debug|x64
		Debug|x86 = Debug|x86
		Release|x64 = Release|x64
		Release|x86 = Release|x86
	EndGlobalSection
	GlobalSection(ProjectConfigurationPlatforms) = postSolution
		{71397F17-39B4-4EE0-BBD9-CB4DDAE8BBD2}.Debug|x64.ActiveCfg = Debug|x64
		{71397F17-39B4-4EE0-BBD9-CB4DDAE8BBD2}.Debug|x64.Build.0 = Debug|x64
		{71397F17-39B4-4EE0-BBD9-CB4DDAE8BBD2}.Debug|x86.ActiveCfg = Debug|Win32
		{71397F17-39B4-4EE0-BBD9-CB4DDAE8BBD2}.Debug|x86.Build.0 = Debug|Win32
		{71397F17-39B4-4EE0-BBD9-CB4DDAE8BBD2}.Release|x64.ActiveCfg = Release|x64
		{71397F17-39B4-4EE0-BBD9-CB4DDAE8BBD2}.Release|x64.Build.0 = Release|x64
		{71397F17-39B4-4EE0-BBD9-CB4DDAE8BBD2}.Release|x86.ActiveCfg = Release|Win32
		{71397F17-39B4-4EE0-BBD9-CB4DDAE8BBD2}.Release|x86.Build.0 = Release|Win32
	EndGlobalSection
	GlobalSection(SolutionProperties) = preSolution
		HideSolutionNode = FALSE
	EndGlobalSection
	GlobalSection(ExtensibilityGlobals) = postSolution
		SolutionGuid = {6CCC1BDD-3E8C-4D8F-AC56-C4841A90F164}
	EndGlobalSection
EndGlobal
