
Microsoft Visual Studio Solution File, Format Version 12.00
# Visual Studio Version 16
VisualStudioVersion = 16.0.34301.259
MinimumVisualStudioVersion = 10.0.40219.1
Project("{8BC9CEB8-8B4A-11D0-8D11-00A0C91BC942}") = "Day24", "Day24.vcxproj", "{2D550A6D-458C-491A-ABD1-570F0F599AED}"
EndProject
Global
	GlobalSection(SolutionConfigurationPlatforms) = preSolution
		Debug|x64 = Debug|x64
		Debug|x86 = Debug|x86
		Release|x64 = Release|x64
		Release|x86 = Release|x86
	EndGlobalSection
	GlobalSection(ProjectConfigurationPlatforms) = postSolution
		{2D550A6D-458C-491A-ABD1-570F0F599AED}.Debug|x64.ActiveCfg = Debug|x64
		{2D550A6D-458C-491A-ABD1-570F0F599AED}.Debug|x64.Build.0 = Debug|x64
		{2D550A6D-458C-491A-ABD1-570F0F599AED}.Debug|x86.ActiveCfg = Debug|Win32
		{2D550A6D-458C-491A-ABD1-570F0F599AED}.Debug|x86.Build.0 = Debug|Win32
		{2D550A6D-458C-491A-ABD1-570F0F599AED}.Release|x64.ActiveCfg = Release|x64
		{2D550A6D-458C-491A-ABD1-570F0F599AED}.Release|x64.Build.0 = Release|x64
		{2D550A6D-458C-491A-ABD1-570F0F599AED}.Release|x86.ActiveCfg = Release|Win32
		{2D550A6D-458C-491A-ABD1-570F0F599AED}.Release|x86.Build.0 = Release|Win32
	EndGlobalSection
	GlobalSection(SolutionProperties) = preSolution
		HideSolutionNode = FALSE
	EndGlobalSection
	GlobalSection(ExtensibilityGlobals) = postSolution
		SolutionGuid = {DB06B8A4-1D0B-4783-AF68-12168CFA5352}
	EndGlobalSection
EndGlobal
